
Microsoft Visual Studio Solution File, Format Version 12.00
# Visual Studio 2013
VisualStudioVersion = 12.0.31101.0
MinimumVisualStudioVersion = 10.0.40219.1
Project("{FAE04EC0-301F-11D3-BF4B-00C04F79EFBC}") = "Homesteader.Web", "Homesteader.Web\Homesteader.Web.csproj", "{43C255DD-3E6E-4D84-82CF-2D0A3FC135C9}"
EndProject
Project("{2150E333-8FDC-42A3-9474-1A3956D46DE8}") = "PublishScripts", "PublishScripts", "{560EEED1-87D7-4028-A9B5-4EB4CC4FF672}"
	ProjectSection(SolutionItems) = preProject
		PublishScripts\AzureWebsitePublishModule.psm1 = PublishScripts\AzureWebsitePublishModule.psm1
		PublishScripts\Publish-WebApplicationWebsite.ps1 = PublishScripts\Publish-WebApplicationWebsite.ps1
	EndProjectSection
EndProject
Project("{2150E333-8FDC-42A3-9474-1A3956D46DE8}") = "Configurations", "Configurations", "{22EF9D13-79AC-45F1-9342-6D3FB12A4282}"
	ProjectSection(SolutionItems) = preProject
		PublishScripts\Configurations\HomesteaderWeb-WAWS-dev.json = PublishScripts\Configurations\HomesteaderWeb-WAWS-dev.json
	EndProjectSection
EndProject
Global
	GlobalSection(SolutionConfigurationPlatforms) = preSolution
		Debug|Any CPU = Debug|Any CPU
		Release|Any CPU = Release|Any CPU
	EndGlobalSection
	GlobalSection(ProjectConfigurationPlatforms) = postSolution
		{43C255DD-3E6E-4D84-82CF-2D0A3FC135C9}.Debug|Any CPU.ActiveCfg = Debug|Any CPU
		{43C255DD-3E6E-4D84-82CF-2D0A3FC135C9}.Debug|Any CPU.Build.0 = Debug|Any CPU
		{43C255DD-3E6E-4D84-82CF-2D0A3FC135C9}.Release|Any CPU.ActiveCfg = Release|Any CPU
		{43C255DD-3E6E-4D84-82CF-2D0A3FC135C9}.Release|Any CPU.Build.0 = Release|Any CPU
	EndGlobalSection
	GlobalSection(SolutionProperties) = preSolution
		HideSolutionNode = FALSE
	EndGlobalSection
	GlobalSection(NestedProjects) = preSolution
		{22EF9D13-79AC-45F1-9342-6D3FB12A4282} = {560EEED1-87D7-4028-A9B5-4EB4CC4FF672}
	EndGlobalSection
EndGlobal
